
Microsoft Visual Studio Solution File, Format Version 12.00
# Visual Studio Version 16
VisualStudioVersion = 16.0.29709.97
MinimumVisualStudioVersion = 10.0.40219.1
Project("{FAE04EC0-301F-11D3-BF4B-00C04F79EFBC}") = "CashRegister_ChunFeiJohnnyTiu", "CashRegister_ChunFeiJohnnyTiu.csproj", "{686EA764-9A8C-42B8-8CA3-12B0266B41FD}"
EndProject
Global
	GlobalSection(SolutionConfigurationPlatforms) = preSolution
		Debug|Any CPU = Debug|Any CPU
		Release|Any CPU = Release|Any CPU
	EndGlobalSection
	GlobalSection(ProjectConfigurationPlatforms) = postSolution
		{686EA764-9A8C-42B8-8CA3-12B0266B41FD}.Debug|Any CPU.ActiveCfg = Debug|Any CPU
		{686EA764-9A8C-42B8-8CA3-12B0266B41FD}.Debug|Any CPU.Build.0 = Debug|Any CPU
		{686EA764-9A8C-42B8-8CA3-12B0266B41FD}.Release|Any CPU.ActiveCfg = Release|Any CPU
		{686EA764-9A8C-42B8-8CA3-12B0266B41FD}.Release|Any CPU.Build.0 = Release|Any CPU
	EndGlobalSection
	GlobalSection(SolutionProperties) = preSolution
		HideSolutionNode = FALSE
	EndGlobalSection
	GlobalSection(ExtensibilityGlobals) = postSolution
		SolutionGuid = {8AAE3D14-627E-484E-8869-43C43FC85B33}
	EndGlobalSection
EndGlobal
